
Microsoft Visual Studio Solution File, Format Version 12.00
# Visual Studio 14
VisualStudioVersion = 14.0.25420.1
MinimumVisualStudioVersion = 10.0.40219.1
Project("{FAE04EC0-301F-11D3-BF4B-00C04F79EFBC}") = "AlarmDisplay", "AlarmDisplay\AlarmDisplay.csproj", "{6D1C9D7F-6740-4080-97AA-9837BED9422C}"
EndProject
Project("{FAE04EC0-301F-11D3-BF4B-00C04F79EFBC}") = "SCADASystem", "SCADACore\SCADASystem.csproj", "{E147C6D1-4CB8-477E-84F7-54A3D6A53741}"
EndProject
Project("{FAE04EC0-301F-11D3-BF4B-00C04F79EFBC}") = "ScadaCommon", "ScadaCommon\ScadaCommon.csproj", "{E3DF2C22-514B-49F6-999C-25E4DA18CCE2}"
EndProject
Project("{FAE04EC0-301F-11D3-BF4B-00C04F79EFBC}") = "Trending", "Trending\Trending.csproj", "{C8ED8041-3C73-40CE-B738-A8192BF6DAAD}"
EndProject
Project("{FAE04EC0-301F-11D3-BF4B-00C04F79EFBC}") = "DatabaseManager", "DatabaseManager\DatabaseManager.csproj", "{FEBF5B43-685E-4C64-954D-F08430ADBA2A}"
EndProject
Global
	GlobalSection(SolutionConfigurationPlatforms) = preSolution
		Debug|Any CPU = Debug|Any CPU
		Release|Any CPU = Release|Any CPU
	EndGlobalSection
	GlobalSection(ProjectConfigurationPlatforms) = postSolution
		{6D1C9D7F-6740-4080-97AA-9837BED9422C}.Debug|Any CPU.ActiveCfg = Debug|Any CPU
		{6D1C9D7F-6740-4080-97AA-9837BED9422C}.Debug|Any CPU.Build.0 = Debug|Any CPU
		{6D1C9D7F-6740-4080-97AA-9837BED9422C}.Release|Any CPU.ActiveCfg = Release|Any CPU
		{6D1C9D7F-6740-4080-97AA-9837BED9422C}.Release|Any CPU.Build.0 = Release|Any CPU
		{E147C6D1-4CB8-477E-84F7-54A3D6A53741}.Debug|Any CPU.ActiveCfg = Debug|Any CPU
		{E147C6D1-4CB8-477E-84F7-54A3D6A53741}.Debug|Any CPU.Build.0 = Debug|Any CPU
		{E147C6D1-4CB8-477E-84F7-54A3D6A53741}.Release|Any CPU.ActiveCfg = Release|Any CPU
		{E147C6D1-4CB8-477E-84F7-54A3D6A53741}.Release|Any CPU.Build.0 = Release|Any CPU
		{E3DF2C22-514B-49F6-999C-25E4DA18CCE2}.Debug|Any CPU.ActiveCfg = Debug|Any CPU
		{E3DF2C22-514B-49F6-999C-25E4DA18CCE2}.Debug|Any CPU.Build.0 = Debug|Any CPU
		{E3DF2C22-514B-49F6-999C-25E4DA18CCE2}.Release|Any CPU.ActiveCfg = Release|Any CPU
		{E3DF2C22-514B-49F6-999C-25E4DA18CCE2}.Release|Any CPU.Build.0 = Release|Any CPU
		{C8ED8041-3C73-40CE-B738-A8192BF6DAAD}.Debug|Any CPU.ActiveCfg = Debug|Any CPU
		{C8ED8041-3C73-40CE-B738-A8192BF6DAAD}.Debug|Any CPU.Build.0 = Debug|Any CPU
		{C8ED8041-3C73-40CE-B738-A8192BF6DAAD}.Release|Any CPU.ActiveCfg = Release|Any CPU
		{C8ED8041-3C73-40CE-B738-A8192BF6DAAD}.Release|Any CPU.Build.0 = Release|Any CPU
		{FEBF5B43-685E-4C64-954D-F08430ADBA2A}.Debug|Any CPU.ActiveCfg = Debug|Any CPU
		{FEBF5B43-685E-4C64-954D-F08430ADBA2A}.Debug|Any CPU.Build.0 = Debug|Any CPU
		{FEBF5B43-685E-4C64-954D-F08430ADBA2A}.Release|Any CPU.ActiveCfg = Release|Any CPU
		{FEBF5B43-685E-4C64-954D-F08430ADBA2A}.Release|Any CPU.Build.0 = Release|Any CPU
	EndGlobalSection
	GlobalSection(SolutionProperties) = preSolution
		HideSolutionNode = FALSE
	EndGlobalSection
EndGlobal
